
Microsoft Visual Studio Solution File, Format Version 12.00
# Visual Studio Version 17
VisualStudioVersion = 17.10.35027.167
MinimumVisualStudioVersion = 10.0.40219.1
Project("{FAE04EC0-301F-11D3-BF4B-00C04F79EFBC}") = "logic-and-loops", "logic-and-loops.csproj", "{4CDACDBC-10A7-4633-9B50-0DA506382B68}"
EndProject
Global
	GlobalSection(SolutionConfigurationPlatforms) = preSolution
		Debug|Any CPU = Debug|Any CPU
		Release|Any CPU = Release|Any CPU
	EndGlobalSection
	GlobalSection(ProjectConfigurationPlatforms) = postSolution
		{4CDACDBC-10A7-4633-9B50-0DA506382B68}.Debug|Any CPU.ActiveCfg = Debug|Any CPU
		{4CDACDBC-10A7-4633-9B50-0DA506382B68}.Debug|Any CPU.Build.0 = Debug|Any CPU
		{4CDACDBC-10A7-4633-9B50-0DA506382B68}.Release|Any CPU.ActiveCfg = Release|Any CPU
		{4CDACDBC-10A7-4633-9B50-0DA506382B68}.Release|Any CPU.Build.0 = Release|Any CPU
	EndGlobalSection
	GlobalSection(SolutionProperties) = preSolution
		HideSolutionNode = FALSE
	EndGlobalSection
	GlobalSection(ExtensibilityGlobals) = postSolution
		SolutionGuid = {BE7B18EC-21A1-46F2-B22E-0AD66A491920}
	EndGlobalSection
EndGlobal
